Microsoft Visual Studio Solution File, Format Version 12.00
# Visual Studio Version 17
VisualStudioVersion = 17.5.2.0
MinimumVisualStudioVersion = 10.0.40219.1
Project("{FAE04EC0-301F-11D3-BF4B-00C04F79EFBC}") = "TBADatalyticsSolutions", "TBADatalyticsSolutions.csproj", "{01192F03-79BE-74F9-C6EA-8A7EAA158670}"
EndProject
Global
	GlobalSection(SolutionConfigurationPlatforms) = preSolution
		Debug|Any CPU = Debug|Any CPU
		Release|Any CPU = Release|Any CPU
	EndGlobalSection
	GlobalSection(ProjectConfigurationPlatforms) = postSolution
		{01192F03-79BE-74F9-C6EA-8A7EAA158670}.Debug|Any CPU.ActiveCfg = Debug|Any CPU
		{01192F03-79BE-74F9-C6EA-8A7EAA158670}.Debug|Any CPU.Build.0 = Debug|Any CPU
		{01192F03-79BE-74F9-C6EA-8A7EAA158670}.Release|Any CPU.ActiveCfg = Release|Any CPU
		{01192F03-79BE-74F9-C6EA-8A7EAA158670}.Release|Any CPU.Build.0 = Release|Any CPU
	EndGlobalSection
	GlobalSection(SolutionProperties) = preSolution
		HideSolutionNode = FALSE
	EndGlobalSection
	GlobalSection(ExtensibilityGlobals) = postSolution
		SolutionGuid = {27F29482-6595-4A79-B617-11C45130CA88}
	EndGlobalSection
EndGlobal
